
Microsoft Visual Studio Solution File, Format Version 12.00
# Visual Studio Version 16
VisualStudioVersion = 16.0.31729.503
MinimumVisualStudioVersion = 10.0.40219.1
Project("{FAE04EC0-301F-11D3-BF4B-00C04F79EFBC}") = "Server-Side-Datatable", "Server-Side-Datatable\Server-Side-Datatable.csproj", "{A586AD9C-8334-4366-AA57-56CA36FAE1F6}"
EndProject
Global
	GlobalSection(SolutionConfigurationPlatforms) = preSolution
		Debug|Any CPU = Debug|Any CPU
		Release|Any CPU = Release|Any CPU
	EndGlobalSection
	GlobalSection(ProjectConfigurationPlatforms) = postSolution
		{A586AD9C-8334-4366-AA57-56CA36FAE1F6}.Debug|Any CPU.ActiveCfg = Debug|Any CPU
		{A586AD9C-8334-4366-AA57-56CA36FAE1F6}.Debug|Any CPU.Build.0 = Debug|Any CPU
		{A586AD9C-8334-4366-AA57-56CA36FAE1F6}.Release|Any CPU.ActiveCfg = Release|Any CPU
		{A586AD9C-8334-4366-AA57-56CA36FAE1F6}.Release|Any CPU.Build.0 = Release|Any CPU
	EndGlobalSection
	GlobalSection(SolutionProperties) = preSolution
		HideSolutionNode = FALSE
	EndGlobalSection
	GlobalSection(ExtensibilityGlobals) = postSolution
		SolutionGuid = {2A913B81-3BE6-40CD-A3B8-331F722CF5CE}
	EndGlobalSection
EndGlobal
